// !$*UTF8*$!
{
	archiveVersion = 1;
	classes = {
	};
	objectVersion = 46;
	objects = {

/* Begin PBXBuildFile section */
		6485DB2515F7DED700AC86A2 /* skrillex-kill-everybody.mp3 in Resources */ = {isa = PBXBuildFile; fileRef = 6485DB2415F7DED700AC86A2 /* skrillex-kill-everybody.mp3 */; };
		6485DB2815F7DF0B00AC86A2 /* AVFoundation.framework in Frameworks */ = {isa = PBXBuildFile; fileRef = 6485DB2715F7DF0B00AC86A2 /* AVFoundation.framework */; };
		845C409C15F5705E004E7859 /* Line.m in Sources */ = {isa = PBXBuildFile; fileRef = 845C409B15F5705E004E7859 /* Line.m */; };
		845C409E15F590F6004E7859 /* pacman.png in Resources */ = {isa = PBXBuildFile; fileRef = 845C409D15F590F6004E7859 /* pacman.png */; };
		845C40A715F596DB004E7859 /* cherries.png in Resources */ = {isa = PBXBuildFile; fileRef = 845C40A615F596DB004E7859 /* cherries.png */; };
		845C40A915F59A24004E7859 /* wallpaper.png in Resources */ = {isa = PBXBuildFile; fileRef = 845C40A815F59A24004E7859 /* wallpaper.png */; };
		845C40B715F67D97004E7859 /* ms_pac_man.png in Resources */ = {isa = PBXBuildFile; fileRef = 845C40B615F67D97004E7859 /* ms_pac_man.png */; };
		845C40B915F67E20004E7859 /* GameKit.framework in Frameworks */ = {isa = PBXBuildFile; fileRef = 845C40B815F67E20004E7859 /* GameKit.framework */; };
		84DB542F15F52E19005166AE /* UIKit.framework in Frameworks */ = {isa = PBXBuildFile; fileRef = 84DB542E15F52E19005166AE /* UIKit.framework */; };
		84DB543115F52E19005166AE /* Foundation.framework in Frameworks */ = {isa = PBXBuildFile; fileRef = 84DB543015F52E19005166AE /* Foundation.framework */; };
		84DB543315F52E19005166AE /* CoreGraphics.framework in Frameworks */ = {isa = PBXBuildFile; fileRef = 84DB543215F52E19005166AE /* CoreGraphics.framework */; };
		84DB543915F52E19005166AE /* InfoPlist.strings in Resources */ = {isa = PBXBuildFile; fileRef = 84DB543715F52E19005166AE /* InfoPlist.strings */; };
		84DB543B15F52E19005166AE /* main.m in Sources */ = {isa = PBXBuildFile; fileRef = 84DB543A15F52E19005166AE /* main.m */; };
		84DB543F15F52E19005166AE /* AppDelegate.m in Sources */ = {isa = PBXBuildFile; fileRef = 84DB543E15F52E19005166AE /* AppDelegate.m */; };
		84DB544615F52E4A005166AE /* CoreMotion.framework in Frameworks */ = {isa = PBXBuildFile; fileRef = 84DB544515F52E4A005166AE /* CoreMotion.framework */; };
		84DB544C15F52E82005166AE /* GameView.m in Sources */ = {isa = PBXBuildFile; fileRef = 84DB544B15F52E82005166AE /* GameView.m */; };
/* End PBXBuildFile section */

/* Begin PBXFileReference section */
		6485DB2415F7DED700AC86A2 /* skrillex-kill-everybody.mp3 */ = {isa = PBXFileReference; lastKnownFileType = audio.mp3; path = "skrillex-kill-everybody.mp3"; sourceTree = "<group>"; };
		6485DB2715F7DF0B00AC86A2 /* AVFoundation.framework */ = {isa = PBXFileReference; lastKnownFileType = wrapper.framework; name = AVFoundation.framework; path = System/Library/Frameworks/AVFoundation.framework; sourceTree = SDKROOT; };
		845C409A15F5705E004E7859 /* Line.h */ = {isa = PBXFileReference; fileEncoding = 4; lastKnownFileType = sourcecode.c.h; path = Line.h; sourceTree = "<group>"; };
		845C409B15F5705E004E7859 /* Line.m */ = {isa = PBXFileReference; fileEncoding = 4; lastKnownFileType = sourcecode.c.objc; path = Line.m; sourceTree = "<group>"; };
		845C409D15F590F6004E7859 /* pacman.png */ = {isa = PBXFileReference; lastKnownFileType = image.png; path = pacman.png; sourceTree = "<group>"; };
		845C40A615F596DB004E7859 /* cherries.png */ = {isa = PBXFileReference; lastKnownFileType = image.png; path = cherries.png; sourceTree = "<group>"; };
		845C40A815F59A24004E7859 /* wallpaper.png */ = {isa = PBXFileReference; lastKnownFileType = image.png; path = wallpaper.png; sourceTree = "<group>"; };
		845C40B615F67D97004E7859 /* ms_pac_man.png */ = {isa = PBXFileReference; lastKnownFileType = image.png; path = ms_pac_man.png; sourceTree = "<group>"; };
		845C40B815F67E20004E7859 /* GameKit.framework */ = {isa = PBXFileReference; lastKnownFileType = wrapper.framework; name = GameKit.framework; path = System/Library/Frameworks/GameKit.framework; sourceTree = SDKROOT; };
		84DB542A15F52E19005166AE /* BallsGame.app */ = {isa = PBXFileReference; explicitFileType = wrapper.application; includeInIndex = 0; path = BallsGame.app; sourceTree = BUILT_PRODUCTS_DIR; };
		84DB542E15F52E19005166AE /* UIKit.framework */ = {isa = PBXFileReference; lastKnownFileType = wrapper.framework; name = UIKit.framework; path = System/Library/Frameworks/UIKit.framework; sourceTree = SDKROOT; };
		84DB543015F52E19005166AE /* Foundation.framework */ = {isa = PBXFileReference; lastKnownFileType = wrapper.framework; name = Foundation.framework; path = System/Library/Frameworks/Foundation.framework; sourceTree = SDKROOT; };
		84DB543215F52E19005166AE /* CoreGraphics.framework */ = {isa = PBXFileReference; lastKnownFileType = wrapper.framework; name = CoreGraphics.framework; path = System/Library/Frameworks/CoreGraphics.framework; sourceTree = SDKROOT; };
		84DB543615F52E19005166AE /* BallsGame-Info.plist */ = {isa = PBXFileReference; lastKnownFileType = text.plist.xml; path = "BallsGame-Info.plist"; sourceTree = "<group>"; };
		84DB543815F52E19005166AE /* en */ = {isa = PBXFileReference; lastKnownFileType = text.plist.strings; name = en; path = en.lproj/InfoPlist.strings; sourceTree = "<group>"; };
		84DB543A15F52E19005166AE /* main.m */ = {isa = PBXFileReference; lastKnownFileType = sourcecode.c.objc; path = main.m; sourceTree = "<group>"; };
		84DB543C15F52E19005166AE /* BallsGame-Prefix.pch */ = {isa = PBXFileReference; lastKnownFileType = sourcecode.c.h; path = "BallsGame-Prefix.pch"; sourceTree = "<group>"; };
		84DB543D15F52E19005166AE /* AppDelegate.h */ = {isa = PBXFileReference; lastKnownFileType = sourcecode.c.h; path = AppDelegate.h; sourceTree = "<group>"; };
		84DB543E15F52E19005166AE /* AppDelegate.m */ = {isa = PBXFileReference; lastKnownFileType = sourcecode.c.objc; path = AppDelegate.m; sourceTree = "<group>"; };
		84DB544515F52E4A005166AE /* CoreMotion.framework */ = {isa = PBXFileReference; lastKnownFileType = wrapper.framework; name = CoreMotion.framework; path = System/Library/Frameworks/CoreMotion.framework; sourceTree = SDKROOT; };
		84DB544A15F52E82005166AE /* GameView.h */ = {isa = PBXFileReference; fileEncoding = 4; lastKnownFileType = sourcecode.c.h; path = GameView.h; sourceTree = "<group>"; };
		84DB544B15F52E82005166AE /* GameView.m */ = {isa = PBXFileReference; fileEncoding = 4; lastKnownFileType = sourcecode.c.objc; path = GameView.m; sourceTree = "<group>"; };
/* End PBXFileReference section */

/* Begin PBXFrameworksBuildPhase section */
		84DB542715F52E19005166AE /* Frameworks */ = {
			isa = PBXFrameworksBuildPhase;
			buildActionMask = 2147483647;
			files = (
				6485DB2815F7DF0B00AC86A2 /* AVFoundation.framework in Frameworks */,
				845C40B915F67E20004E7859 /* GameKit.framework in Frameworks */,
				84DB544615F52E4A005166AE /* CoreMotion.framework in Frameworks */,
				84DB542F15F52E19005166AE /* UIKit.framework in Frameworks */,
				84DB543115F52E19005166AE /* Foundation.framework in Frameworks */,
				84DB543315F52E19005166AE /* CoreGraphics.framework in Frameworks */,
			);
			runOnlyForDeploymentPostprocessing = 0;
		};
/* End PBXFrameworksBuildPhase section */

/* Begin PBXGroup section */
		84DB541F15F52E19005166AE = {
			isa = PBXGroup;
			children = (
				6485DB2715F7DF0B00AC86A2 /* AVFoundation.framework */,
				84DB543415F52E19005166AE /* BallsGame */,
				84DB542D15F52E19005166AE /* Frameworks */,
				84DB542B15F52E19005166AE /* Products */,
			);
			sourceTree = "<group>";
		};
		84DB542B15F52E19005166AE /* Products */ = {
			isa = PBXGroup;
			children = (
				84DB542A15F52E19005166AE /* BallsGame.app */,
			);
			name = Products;
			sourceTree = "<group>";
		};
		84DB542D15F52E19005166AE /* Frameworks */ = {
			isa = PBXGroup;
			children = (
				845C40B815F67E20004E7859 /* GameKit.framework */,
				84DB544515F52E4A005166AE /* CoreMotion.framework */,
				84DB542E15F52E19005166AE /* UIKit.framework */,
				84DB543015F52E19005166AE /* Foundation.framework */,
				84DB543215F52E19005166AE /* CoreGraphics.framework */,
			);
			name = Frameworks;
			sourceTree = "<group>";
		};
		84DB543415F52E19005166AE /* BallsGame */ = {
			isa = PBXGroup;
			children = (
				6485DB2415F7DED700AC86A2 /* skrillex-kill-everybody.mp3 */,
				845C409D15F590F6004E7859 /* pacman.png */,
				845C40A615F596DB004E7859 /* cherries.png */,
				845C40B615F67D97004E7859 /* ms_pac_man.png */,
				845C40A815F59A24004E7859 /* wallpaper.png */,
				84DB543D15F52E19005166AE /* AppDelegate.h */,
				84DB543E15F52E19005166AE /* AppDelegate.m */,
				84DB544A15F52E82005166AE /* GameView.h */,
				84DB544B15F52E82005166AE /* GameView.m */,
				845C409A15F5705E004E7859 /* Line.h */,
				845C409B15F5705E004E7859 /* Line.m */,
				84DB543515F52E19005166AE /* Supporting Files */,
			);
			path = BallsGame;
			sourceTree = "<group>";
		};
		84DB543515F52E19005166AE /* Supporting Files */ = {
			isa = PBXGroup;
			children = (
				84DB543615F52E19005166AE /* BallsGame-Info.plist */,
				84DB543715F52E19005166AE /* InfoPlist.strings */,
				84DB543A15F52E19005166AE /* main.m */,
				84DB543C15F52E19005166AE /* BallsGame-Prefix.pch */,
			);
			name = "Supporting Files";
			sourceTree = "<group>";
		};
/* End PBXGroup section */

/* Begin PBXNativeTarget section */
		84DB542915F52E19005166AE /* BallsGame */ = {
			isa = PBXNativeTarget;
			buildConfigurationList = 84DB544215F52E19005166AE /* Build configuration list for PBXNativeTarget "BallsGame" */;
			buildPhases = (
				84DB542615F52E19005166AE /* Sources */,
				84DB542715F52E19005166AE /* Frameworks */,
				84DB542815F52E19005166AE /* Resources */,
			);
			buildRules = (
			);
			dependencies = (
			);
			name = BallsGame;
			productName = BallsGame;
			productReference = 84DB542A15F52E19005166AE /* BallsGame.app */;
			productType = "com.apple.product-type.application";
		};
/* End PBXNativeTarget section */

/* Begin PBXProject section */
		84DB542115F52E19005166AE /* Project object */ = {
			isa = PBXProject;
			attributes = {
				LastUpgradeCheck = 0440;
				ORGANIZATIONNAME = "Diana Zmuda";
			};
			buildConfigurationList = 84DB542415F52E19005166AE /* Build configuration list for PBXProject "BallsGame" */;
			compatibilityVersion = "Xcode 3.2";
			developmentRegion = English;
			hasScannedForEncodings = 0;
			knownRegions = (
				en,
			);
			mainGroup = 84DB541F15F52E19005166AE;
			productRefGroup = 84DB542B15F52E19005166AE /* Products */;
			projectDirPath = "";
			projectRoot = "";
			targets = (
				84DB542915F52E19005166AE /* BallsGame */,
			);
		};
/* End PBXProject section */

/* Begin PBXResourcesBuildPhase section */
		84DB542815F52E19005166AE /* Resources */ = {
			isa = PBXResourcesBuildPhase;
			buildActionMask = 2147483647;
			files = (
				84DB543915F52E19005166AE /* InfoPlist.strings in Resources */,
				845C409E15F590F6004E7859 /* pacman.png in Resources */,
				845C40A715F596DB004E7859 /* cherries.png in Resources */,
				845C40A915F59A24004E7859 /* wallpaper.png in Resources */,
				845C40B715F67D97004E7859 /* ms_pac_man.png in Resources */,
				6485DB2515F7DED700AC86A2 /* skrillex-kill-everybody.mp3 in Resources */,
			);
			runOnlyForDeploymentPostprocessing = 0;
		};
/* End PBXResourcesBuildPhase section */

/* Begin PBXSourcesBuildPhase section */
		84DB542615F52E19005166AE /* Sources */ = {
			isa = PBXSourcesBuildPhase;
			buildActionMask = 2147483647;
			files = (
				84DB543B15F52E19005166AE /* main.m in Sources */,
				84DB543F15F52E19005166AE /* AppDelegate.m in Sources */,
				84DB544C15F52E82005166AE /* GameView.m in Sources */,
				845C409C15F5705E004E7859 /* Line.m in Sources */,
			);
			runOnlyForDeploymentPostprocessing = 0;
		};
/* End PBXSourcesBuildPhase section */

/* Begin PBXVariantGroup section */
		84DB543715F52E19005166AE /* InfoPlist.strings */ = {
			isa = PBXVariantGroup;
			children = (
				84DB543815F52E19005166AE /* en */,
			);
			name = InfoPlist.strings;
			sourceTree = "<group>";
		};
/* End PBXVariantGroup section */

/* Begin XCBuildConfiguration section */
		84DB544015F52E19005166AE /* Debug */ = {
			isa = XCBuildConfiguration;
			buildSettings = {
				ALWAYS_SEARCH_USER_PATHS = NO;
				ARCHS = "$(ARCHS_STANDARD_32_BIT)";
				CLANG_CXX_LANGUAGE_STANDARD = "gnu++0x";
				CLANG_ENABLE_OBJC_ARC = YES;
				CLANG_WARN__DUPLICATE_METHOD_MATCH = YES;
				"CODE_SIGN_IDENTITY[sdk=iphoneos*]" = "iPhone Developer";
				COPY_PHASE_STRIP = NO;
				GCC_C_LANGUAGE_STANDARD = gnu99;
				GCC_DYNAMIC_NO_PIC = NO;
				GCC_OPTIMIZATION_LEVEL = 0;
				GCC_PREPROCESSOR_DEFINITIONS = (
					"DEBUG=1",
					"$(inherited)",
				);
				GCC_SYMBOLS_PRIVATE_EXTERN = NO;
				GCC_VERSION = com.apple.compilers.llvm.clang.1_0;
				GCC_WARN_ABOUT_RETURN_TYPE = YES;
				GCC_WARN_UNINITIALIZED_AUTOS = YES;
				GCC_WARN_UNUSED_VARIABLE = YES;
				IPHONEOS_DEPLOYMENT_TARGET = 5.1;
				SDKROOT = iphoneos;
				TARGETED_DEVICE_FAMILY = 2;
			};
			name = Debug;
		};
		84DB544115F52E19005166AE /* Release */ = {
			isa = XCBuildConfiguration;
			buildSettings = {
				ALWAYS_SEARCH_USER_PATHS = NO;
				ARCHS = "$(ARCHS_STANDARD_32_BIT)";
				CLANG_CXX_LANGUAGE_STANDARD = "gnu++0x";
				CLANG_ENABLE_OBJC_ARC = YES;
				CLANG_WARN__DUPLICATE_METHOD_MATCH = YES;
				"CODE_SIGN_IDENTITY[sdk=iphoneos*]" = "iPhone Developer";
				COPY_PHASE_STRIP = YES;
				GCC_C_LANGUAGE_STANDARD = gnu99;
				GCC_VERSION = com.apple.compilers.llvm.clang.1_0;
				GCC_WARN_ABOUT_RETURN_TYPE = YES;
				GCC_WARN_UNINITIALIZED_AUTOS = YES;
				GCC_WARN_UNUSED_VARIABLE = YES;
				IPHONEOS_DEPLOYMENT_TARGET = 5.1;
				OTHER_CFLAGS = "-DNS_BLOCK_ASSERTIONS=1";
				SDKROOT = iphoneos;
				TARGETED_DEVICE_FAMILY = 2;
				VALIDATE_PRODUCT = YES;
			};
			name = Release;
		};
		84DB544315F52E19005166AE /* Debug */ = {
			isa = XCBuildConfiguration;
			buildSettings = {
				GCC_PRECOMPILE_PREFIX_HEADER = YES;
				GCC_PREFIX_HEADER = "BallsGame/BallsGame-Prefix.pch";
				INFOPLIST_FILE = "BallsGame/BallsGame-Info.plist";
				PRODUCT_NAME = "$(TARGET_NAME)";
				TARGETED_DEVICE_FAMILY = 1;
				WRAPPER_EXTENSION = app;
			};
			name = Debug;
		};
		84DB544415F52E19005166AE /* Release */ = {
			isa = XCBuildConfiguration;
			buildSettings = {
				GCC_PRECOMPILE_PREFIX_HEADER = YES;
				GCC_PREFIX_HEADER = "BallsGame/BallsGame-Prefix.pch";
				INFOPLIST_FILE = "BallsGame/BallsGame-Info.plist";
				PRODUCT_NAME = "$(TARGET_NAME)";
				TARGETED_DEVICE_FAMILY = 1;
				WRAPPER_EXTENSION = app;
			};
			name = Release;
		};
/* End XCBuildConfiguration section */

/* Begin XCConfigurationList section */
		84DB542415F52E19005166AE /* Build configuration list for PBXProject "BallsGame" */ = {
			isa = XCConfigurationList;
			buildConfigurations = (
				84DB544015F52E19005166AE /* Debug */,
				84DB544115F52E19005166AE /* Release */,
			);
			defaultConfigurationIsVisible = 0;
			defaultConfigurationName = Release;
		};
		84DB544215F52E19005166AE /* Build configuration list for PBXNativeTarget "BallsGame" */ = {
			isa = XCConfigurationList;
			buildConfigurations = (
				84DB544315F52E19005166AE /* Debug */,
				84DB544415F52E19005166AE /* Release */,
			);
			defaultConfigurationIsVisible = 0;
			defaultConfigurationName = Release;
		};
/* End XCConfigurationList section */
	};
	rootObject = 84DB542115F52E19005166AE /* Project object */;
}
